
Microsoft Visual Studio Solution File, Format Version 12.00
# Visual Studio 2012
Project("{FAE04EC0-301F-11D3-BF4B-00C04F79EFBC}") = "Sitecore.SharedSource.UserSync", "Sitecore.SharedSource.UserSync\Sitecore.SharedSource.UserSync.csproj", "{9A1BAE6C-3CE3-4BD6-BB65-0F6DC6DA8F2D}"
EndProject
Project("{CAA73BB0-EF22-4D79-A57E-DF67B3BA9C80}") = "Sitecore.SharedSource.UserSync.Master", "Sitecore.SharedSource.UserSync.Master\Sitecore.SharedSource.UserSync.Master.scproj", "{CE93C9F8-A9FF-465D-9654-A83DCA7AF4AD}"
EndProject
Project("{CAA73BB0-EF22-4D79-A57E-DF67B3BA9C80}") = "Sitecore.SharedSource.UserSync.Core", "Sitecore.SharedSource.UserSync.Core\Sitecore.SharedSource.UserSync.Core.scproj", "{FE9B9155-4DA2-4224-B772-96BFB33C0C99}"
EndProject
Global
	GlobalSection(SolutionConfigurationPlatforms) = preSolution
		Debug|Any CPU = Debug|Any CPU
		Release|Any CPU = Release|Any CPU
	EndGlobalSection
	GlobalSection(ProjectConfigurationPlatforms) = postSolution
		{9A1BAE6C-3CE3-4BD6-BB65-0F6DC6DA8F2D}.Debug|Any CPU.ActiveCfg = Debug|Any CPU
		{9A1BAE6C-3CE3-4BD6-BB65-0F6DC6DA8F2D}.Debug|Any CPU.Build.0 = Debug|Any CPU
		{9A1BAE6C-3CE3-4BD6-BB65-0F6DC6DA8F2D}.Release|Any CPU.ActiveCfg = Release|Any CPU
		{9A1BAE6C-3CE3-4BD6-BB65-0F6DC6DA8F2D}.Release|Any CPU.Build.0 = Release|Any CPU
		{CE93C9F8-A9FF-465D-9654-A83DCA7AF4AD}.Debug|Any CPU.ActiveCfg = Debug|Any CPU
		{CE93C9F8-A9FF-465D-9654-A83DCA7AF4AD}.Debug|Any CPU.Build.0 = Debug|Any CPU
		{CE93C9F8-A9FF-465D-9654-A83DCA7AF4AD}.Debug|Any CPU.Deploy.0 = Debug|Any CPU
		{CE93C9F8-A9FF-465D-9654-A83DCA7AF4AD}.Release|Any CPU.ActiveCfg = Release|Any CPU
		{CE93C9F8-A9FF-465D-9654-A83DCA7AF4AD}.Release|Any CPU.Build.0 = Release|Any CPU
		{CE93C9F8-A9FF-465D-9654-A83DCA7AF4AD}.Release|Any CPU.Deploy.0 = Release|Any CPU
		{FE9B9155-4DA2-4224-B772-96BFB33C0C99}.Debug|Any CPU.ActiveCfg = Debug|Any CPU
		{FE9B9155-4DA2-4224-B772-96BFB33C0C99}.Debug|Any CPU.Build.0 = Debug|Any CPU
		{FE9B9155-4DA2-4224-B772-96BFB33C0C99}.Debug|Any CPU.Deploy.0 = Debug|Any CPU
		{FE9B9155-4DA2-4224-B772-96BFB33C0C99}.Release|Any CPU.ActiveCfg = Release|Any CPU
		{FE9B9155-4DA2-4224-B772-96BFB33C0C99}.Release|Any CPU.Build.0 = Release|Any CPU
		{FE9B9155-4DA2-4224-B772-96BFB33C0C99}.Release|Any CPU.Deploy.0 = Release|Any CPU
	EndGlobalSection
	GlobalSection(SolutionProperties) = preSolution
		HideSolutionNode = FALSE
	EndGlobalSection
EndGlobal
